
Microsoft Visual Studio Solution File, Format Version 12.00
# Visual Studio Version 17
VisualStudioVersion = 17.4.33110.190
MinimumVisualStudioVersion = 10.0.40219.1
Project("{2150E333-8FDC-42A3-9474-1A3956D46DE8}") = "E-Commerce", "E-Commerce", "{B22AEE7B-43E7-4FE9-985D-614EE4E637E9}"
EndProject
Project("{2150E333-8FDC-42A3-9474-1A3956D46DE8}") = "Catalog", "Catalog", "{6C7A5EF2-3CFF-44CD-93CA-480855F0B402}"
EndProject
Project("{2150E333-8FDC-42A3-9474-1A3956D46DE8}") = "Inventory", "Inventory", "{CC56AC4A-4D91-44BB-BD7F-5F75A52E99EF}"
EndProject
Project("{2150E333-8FDC-42A3-9474-1A3956D46DE8}") = "Shippment", "Shippment", "{1D6B8D22-B972-4D8F-8112-495A9BD83388}"
EndProject
Project("{9A19103F-16F7-4668-BE54-9A1E7A4F7556}") = "ProductCatalog.Domain", "ProductCatalog.Domain\ProductCatalog.Domain.csproj", "{C7949340-C522-40FA-B9C9-20FC9D6CA2AE}"
EndProject
Project("{2150E333-8FDC-42A3-9474-1A3956D46DE8}") = "OrderManagement", "OrderManagement", "{37333DA2-EE7A-4DD9-916E-245786883966}"
EndProject
Project("{9A19103F-16F7-4668-BE54-9A1E7A4F7556}") = "OrderManagement.Domain", "OrderManagement.Domain\OrderManagement.Domain.csproj", "{072288C3-7979-458B-960F-1322B6597312}"
EndProject
Project("{9A19103F-16F7-4668-BE54-9A1E7A4F7556}") = "Framework.Core", "Framework.Core\Framework.Core.csproj", "{6AD3F4FF-F82A-417F-B743-BBD95864AF79}"
EndProject
Project("{9A19103F-16F7-4668-BE54-9A1E7A4F7556}") = "Framework.ApplicationBus", "Framework.Application\Framework.ApplicationBus.csproj", "{E59CF16A-E1FC-4C01-A6A9-7A7537E6A55E}"
EndProject
Project("{2150E333-8FDC-42A3-9474-1A3956D46DE8}") = "Framework", "Framework", "{42A607A5-678E-4851-8215-0F22E3EEDDA6}"
EndProject
Project("{9A19103F-16F7-4668-BE54-9A1E7A4F7556}") = "ProductCatalog.Application", "ProductCatalog.Application\ProductCatalog.Application.csproj", "{A699FA01-EE1B-4F88-B872-7BB28B1C6FC8}"
EndProject
Project("{2150E333-8FDC-42A3-9474-1A3956D46DE8}") = "Infrastructure", "Infrastructure", "{D0EAF96C-9E38-4578-80BF-AF942C88C59D}"
EndProject
Project("{2150E333-8FDC-42A3-9474-1A3956D46DE8}") = "EndPoint", "EndPoint", "{3B77AF9B-9724-46D3-BD59-EE2208D5DA76}"
EndProject
Project("{9A19103F-16F7-4668-BE54-9A1E7A4F7556}") = "ProductCatalog.WebApi", "ProductCatalog.WebApi\ProductCatalog.WebApi.csproj", "{6C1EC9D2-DFCE-46CE-AA43-961DA17AE045}"
EndProject
Project("{FAE04EC0-301F-11D3-BF4B-00C04F79EFBC}") = "Framework.Test", "Framework.Test\Framework.Test.csproj", "{00C24DA3-F9DE-418E-90AD-094D46E08E1B}"
EndProject
Global
	GlobalSection(SolutionConfigurationPlatforms) = preSolution
		Debug|Any CPU = Debug|Any CPU
		Release|Any CPU = Release|Any CPU
	EndGlobalSection
	GlobalSection(ProjectConfigurationPlatforms) = postSolution
		{C7949340-C522-40FA-B9C9-20FC9D6CA2AE}.Debug|Any CPU.ActiveCfg = Debug|Any CPU
		{C7949340-C522-40FA-B9C9-20FC9D6CA2AE}.Debug|Any CPU.Build.0 = Debug|Any CPU
		{C7949340-C522-40FA-B9C9-20FC9D6CA2AE}.Release|Any CPU.ActiveCfg = Release|Any CPU
		{C7949340-C522-40FA-B9C9-20FC9D6CA2AE}.Release|Any CPU.Build.0 = Release|Any CPU
		{072288C3-7979-458B-960F-1322B6597312}.Debug|Any CPU.ActiveCfg = Debug|Any CPU
		{072288C3-7979-458B-960F-1322B6597312}.Debug|Any CPU.Build.0 = Debug|Any CPU
		{072288C3-7979-458B-960F-1322B6597312}.Release|Any CPU.ActiveCfg = Release|Any CPU
		{072288C3-7979-458B-960F-1322B6597312}.Release|Any CPU.Build.0 = Release|Any CPU
		{6AD3F4FF-F82A-417F-B743-BBD95864AF79}.Debug|Any CPU.ActiveCfg = Debug|Any CPU
		{6AD3F4FF-F82A-417F-B743-BBD95864AF79}.Debug|Any CPU.Build.0 = Debug|Any CPU
		{6AD3F4FF-F82A-417F-B743-BBD95864AF79}.Release|Any CPU.ActiveCfg = Release|Any CPU
		{6AD3F4FF-F82A-417F-B743-BBD95864AF79}.Release|Any CPU.Build.0 = Release|Any CPU
		{E59CF16A-E1FC-4C01-A6A9-7A7537E6A55E}.Debug|Any CPU.ActiveCfg = Debug|Any CPU
		{E59CF16A-E1FC-4C01-A6A9-7A7537E6A55E}.Debug|Any CPU.Build.0 = Debug|Any CPU
		{E59CF16A-E1FC-4C01-A6A9-7A7537E6A55E}.Release|Any CPU.ActiveCfg = Release|Any CPU
		{E59CF16A-E1FC-4C01-A6A9-7A7537E6A55E}.Release|Any CPU.Build.0 = Release|Any CPU
		{A699FA01-EE1B-4F88-B872-7BB28B1C6FC8}.Debug|Any CPU.ActiveCfg = Debug|Any CPU
		{A699FA01-EE1B-4F88-B872-7BB28B1C6FC8}.Debug|Any CPU.Build.0 = Debug|Any CPU
		{A699FA01-EE1B-4F88-B872-7BB28B1C6FC8}.Release|Any CPU.ActiveCfg = Release|Any CPU
		{A699FA01-EE1B-4F88-B872-7BB28B1C6FC8}.Release|Any CPU.Build.0 = Release|Any CPU
		{6C1EC9D2-DFCE-46CE-AA43-961DA17AE045}.Debug|Any CPU.ActiveCfg = Debug|Any CPU
		{6C1EC9D2-DFCE-46CE-AA43-961DA17AE045}.Debug|Any CPU.Build.0 = Debug|Any CPU
		{6C1EC9D2-DFCE-46CE-AA43-961DA17AE045}.Release|Any CPU.ActiveCfg = Release|Any CPU
		{6C1EC9D2-DFCE-46CE-AA43-961DA17AE045}.Release|Any CPU.Build.0 = Release|Any CPU
		{00C24DA3-F9DE-418E-90AD-094D46E08E1B}.Debug|Any CPU.ActiveCfg = Debug|Any CPU
		{00C24DA3-F9DE-418E-90AD-094D46E08E1B}.Debug|Any CPU.Build.0 = Debug|Any CPU
		{00C24DA3-F9DE-418E-90AD-094D46E08E1B}.Release|Any CPU.ActiveCfg = Release|Any CPU
		{00C24DA3-F9DE-418E-90AD-094D46E08E1B}.Release|Any CPU.Build.0 = Release|Any CPU
	EndGlobalSection
	GlobalSection(SolutionProperties) = preSolution
		HideSolutionNode = FALSE
	EndGlobalSection
	GlobalSection(NestedProjects) = preSolution
		{6C7A5EF2-3CFF-44CD-93CA-480855F0B402} = {B22AEE7B-43E7-4FE9-985D-614EE4E637E9}
		{CC56AC4A-4D91-44BB-BD7F-5F75A52E99EF} = {B22AEE7B-43E7-4FE9-985D-614EE4E637E9}
		{1D6B8D22-B972-4D8F-8112-495A9BD83388} = {B22AEE7B-43E7-4FE9-985D-614EE4E637E9}
		{C7949340-C522-40FA-B9C9-20FC9D6CA2AE} = {6C7A5EF2-3CFF-44CD-93CA-480855F0B402}
		{37333DA2-EE7A-4DD9-916E-245786883966} = {B22AEE7B-43E7-4FE9-985D-614EE4E637E9}
		{072288C3-7979-458B-960F-1322B6597312} = {37333DA2-EE7A-4DD9-916E-245786883966}
		{6AD3F4FF-F82A-417F-B743-BBD95864AF79} = {42A607A5-678E-4851-8215-0F22E3EEDDA6}
		{E59CF16A-E1FC-4C01-A6A9-7A7537E6A55E} = {42A607A5-678E-4851-8215-0F22E3EEDDA6}
		{A699FA01-EE1B-4F88-B872-7BB28B1C6FC8} = {6C7A5EF2-3CFF-44CD-93CA-480855F0B402}
		{D0EAF96C-9E38-4578-80BF-AF942C88C59D} = {6C7A5EF2-3CFF-44CD-93CA-480855F0B402}
		{3B77AF9B-9724-46D3-BD59-EE2208D5DA76} = {6C7A5EF2-3CFF-44CD-93CA-480855F0B402}
		{6C1EC9D2-DFCE-46CE-AA43-961DA17AE045} = {3B77AF9B-9724-46D3-BD59-EE2208D5DA76}
		{00C24DA3-F9DE-418E-90AD-094D46E08E1B} = {42A607A5-678E-4851-8215-0F22E3EEDDA6}
	EndGlobalSection
	GlobalSection(ExtensibilityGlobals) = postSolution
		SolutionGuid = {1099A149-A245-44D9-BDA5-46C95DA7598D}
	EndGlobalSection
EndGlobal
