
Microsoft Visual Studio Solution File, Format Version 12.00
# Visual Studio Version 17
VisualStudioVersion = 17.0.32014.148
MinimumVisualStudioVersion = 10.0.40219.1
Project("{2150E333-8FDC-42A3-9474-1A3956D46DE8}") = "E-Commerce", "E-Commerce", "{B22AEE7B-43E7-4FE9-985D-614EE4E637E9}"
EndProject
Project("{2150E333-8FDC-42A3-9474-1A3956D46DE8}") = "Catalog", "Catalog", "{6C7A5EF2-3CFF-44CD-93CA-480855F0B402}"
EndProject
Project("{2150E333-8FDC-42A3-9474-1A3956D46DE8}") = "Inventory", "Inventory", "{CC56AC4A-4D91-44BB-BD7F-5F75A52E99EF}"
EndProject
Project("{2150E333-8FDC-42A3-9474-1A3956D46DE8}") = "Shippment", "Shippment", "{1D6B8D22-B972-4D8F-8112-495A9BD83388}"
EndProject
Project("{2150E333-8FDC-42A3-9474-1A3956D46DE8}") = "OrderManagement", "OrderManagement", "{37333DA2-EE7A-4DD9-916E-245786883966}"
EndProject
Project("{9A19103F-16F7-4668-BE54-9A1E7A4F7556}") = "Catalog.Domaim", "Catalog.Domaim\Catalog.Domaim.csproj", "{2723424A-0FDC-486E-9BCF-3FDB5395C8F5}"
EndProject
Project("{9A19103F-16F7-4668-BE54-9A1E7A4F7556}") = "Framework.Domain", "Framework.Domain\Framework.Domain.csproj", "{E43AEE49-79E4-4B94-91D2-F81B110A1A81}"
EndProject
Project("{2150E333-8FDC-42A3-9474-1A3956D46DE8}") = "Framework", "Framework", "{220A26AE-0115-4495-B37F-87E7D7E83743}"
EndProject
Project("{2150E333-8FDC-42A3-9474-1A3956D46DE8}") = "SharedKernel", "SharedKernel", "{B6344B7C-B581-489B-A720-EDBCEA1C6E67}"
EndProject
Project("{9A19103F-16F7-4668-BE54-9A1E7A4F7556}") = "Catalog.Application", "Catalog.Application\Catalog.Application.csproj", "{28BB096B-FF0A-4817-BB18-A437609BEC98}"
EndProject
Project("{9A19103F-16F7-4668-BE54-9A1E7A4F7556}") = "Catalog.Persistence.EF", "Catalog.Persistence.EF\Catalog.Persistence.EF.csproj", "{961B9CEF-99D8-4F93-A451-EF2014D1D91A}"
EndProject
Project("{2150E333-8FDC-42A3-9474-1A3956D46DE8}") = "Infrastructure", "Infrastructure", "{7408084E-CC5F-417E-9D0F-81CEF5431FFF}"
EndProject
Project("{9A19103F-16F7-4668-BE54-9A1E7A4F7556}") = "Catalog.Test", "Catalog.Test\Catalog.Test.csproj", "{8C4EF0F8-DE06-43AF-BA0C-DF89E7E84127}"
EndProject
Project("{2150E333-8FDC-42A3-9474-1A3956D46DE8}") = "Test", "Test", "{B63455D6-5A6C-46F0-BA04-2D8D55BCDBAA}"
EndProject
Project("{2150E333-8FDC-42A3-9474-1A3956D46DE8}") = "Endpoint", "Endpoint", "{278864C4-433A-4167-9BD0-2FEFFE748C47}"
EndProject
Project("{9A19103F-16F7-4668-BE54-9A1E7A4F7556}") = "Catalog.WebApi", "Catalog.WebApi\Catalog.WebApi.csproj", "{71A857FC-FB4C-490E-9FED-BE78109355C8}"
EndProject
Project("{9A19103F-16F7-4668-BE54-9A1E7A4F7556}") = "Framework.Core", "Framework.Core\Framework.Core.csproj", "{FF9D4473-1D2A-4281-ADE0-6B5126129061}"
EndProject
Project("{9A19103F-16F7-4668-BE54-9A1E7A4F7556}") = "Framework.Persistence.EF", "Framework.Persistence.EF\Framework.Persistence.EF.csproj", "{CC0151D0-E6F3-4649-A650-469421AAFD4A}"
EndProject
Project("{FAE04EC0-301F-11D3-BF4B-00C04F79EFBC}") = "Framework.Bus.MassTransit", "Framework.Bus.MassTransit\Framework.Bus.MassTransit.csproj", "{AE607E1A-E4E9-4A5C-8158-6BF90D29DBD7}"
EndProject
Global
	GlobalSection(SolutionConfigurationPlatforms) = preSolution
		Debug|Any CPU = Debug|Any CPU
		Release|Any CPU = Release|Any CPU
	EndGlobalSection
	GlobalSection(ProjectConfigurationPlatforms) = postSolution
		{2723424A-0FDC-486E-9BCF-3FDB5395C8F5}.Debug|Any CPU.ActiveCfg = Debug|Any CPU
		{2723424A-0FDC-486E-9BCF-3FDB5395C8F5}.Debug|Any CPU.Build.0 = Debug|Any CPU
		{2723424A-0FDC-486E-9BCF-3FDB5395C8F5}.Release|Any CPU.ActiveCfg = Release|Any CPU
		{2723424A-0FDC-486E-9BCF-3FDB5395C8F5}.Release|Any CPU.Build.0 = Release|Any CPU
		{E43AEE49-79E4-4B94-91D2-F81B110A1A81}.Debug|Any CPU.ActiveCfg = Debug|Any CPU
		{E43AEE49-79E4-4B94-91D2-F81B110A1A81}.Debug|Any CPU.Build.0 = Debug|Any CPU
		{E43AEE49-79E4-4B94-91D2-F81B110A1A81}.Release|Any CPU.ActiveCfg = Release|Any CPU
		{E43AEE49-79E4-4B94-91D2-F81B110A1A81}.Release|Any CPU.Build.0 = Release|Any CPU
		{28BB096B-FF0A-4817-BB18-A437609BEC98}.Debug|Any CPU.ActiveCfg = Debug|Any CPU
		{28BB096B-FF0A-4817-BB18-A437609BEC98}.Debug|Any CPU.Build.0 = Debug|Any CPU
		{28BB096B-FF0A-4817-BB18-A437609BEC98}.Release|Any CPU.ActiveCfg = Release|Any CPU
		{28BB096B-FF0A-4817-BB18-A437609BEC98}.Release|Any CPU.Build.0 = Release|Any CPU
		{961B9CEF-99D8-4F93-A451-EF2014D1D91A}.Debug|Any CPU.ActiveCfg = Debug|Any CPU
		{961B9CEF-99D8-4F93-A451-EF2014D1D91A}.Debug|Any CPU.Build.0 = Debug|Any CPU
		{961B9CEF-99D8-4F93-A451-EF2014D1D91A}.Release|Any CPU.ActiveCfg = Release|Any CPU
		{961B9CEF-99D8-4F93-A451-EF2014D1D91A}.Release|Any CPU.Build.0 = Release|Any CPU
		{8C4EF0F8-DE06-43AF-BA0C-DF89E7E84127}.Debug|Any CPU.ActiveCfg = Debug|Any CPU
		{8C4EF0F8-DE06-43AF-BA0C-DF89E7E84127}.Debug|Any CPU.Build.0 = Debug|Any CPU
		{8C4EF0F8-DE06-43AF-BA0C-DF89E7E84127}.Release|Any CPU.ActiveCfg = Release|Any CPU
		{8C4EF0F8-DE06-43AF-BA0C-DF89E7E84127}.Release|Any CPU.Build.0 = Release|Any CPU
		{71A857FC-FB4C-490E-9FED-BE78109355C8}.Debug|Any CPU.ActiveCfg = Debug|Any CPU
		{71A857FC-FB4C-490E-9FED-BE78109355C8}.Debug|Any CPU.Build.0 = Debug|Any CPU
		{71A857FC-FB4C-490E-9FED-BE78109355C8}.Release|Any CPU.ActiveCfg = Release|Any CPU
		{71A857FC-FB4C-490E-9FED-BE78109355C8}.Release|Any CPU.Build.0 = Release|Any CPU
		{FF9D4473-1D2A-4281-ADE0-6B5126129061}.Debug|Any CPU.ActiveCfg = Debug|Any CPU
		{FF9D4473-1D2A-4281-ADE0-6B5126129061}.Debug|Any CPU.Build.0 = Debug|Any CPU
		{FF9D4473-1D2A-4281-ADE0-6B5126129061}.Release|Any CPU.ActiveCfg = Release|Any CPU
		{FF9D4473-1D2A-4281-ADE0-6B5126129061}.Release|Any CPU.Build.0 = Release|Any CPU
		{CC0151D0-E6F3-4649-A650-469421AAFD4A}.Debug|Any CPU.ActiveCfg = Debug|Any CPU
		{CC0151D0-E6F3-4649-A650-469421AAFD4A}.Debug|Any CPU.Build.0 = Debug|Any CPU
		{CC0151D0-E6F3-4649-A650-469421AAFD4A}.Release|Any CPU.ActiveCfg = Release|Any CPU
		{CC0151D0-E6F3-4649-A650-469421AAFD4A}.Release|Any CPU.Build.0 = Release|Any CPU
		{AE607E1A-E4E9-4A5C-8158-6BF90D29DBD7}.Debug|Any CPU.ActiveCfg = Debug|Any CPU
		{AE607E1A-E4E9-4A5C-8158-6BF90D29DBD7}.Debug|Any CPU.Build.0 = Debug|Any CPU
		{AE607E1A-E4E9-4A5C-8158-6BF90D29DBD7}.Release|Any CPU.ActiveCfg = Release|Any CPU
		{AE607E1A-E4E9-4A5C-8158-6BF90D29DBD7}.Release|Any CPU.Build.0 = Release|Any CPU
	EndGlobalSection
	GlobalSection(SolutionProperties) = preSolution
		HideSolutionNode = FALSE
	EndGlobalSection
	GlobalSection(NestedProjects) = preSolution
		{6C7A5EF2-3CFF-44CD-93CA-480855F0B402} = {B22AEE7B-43E7-4FE9-985D-614EE4E637E9}
		{CC56AC4A-4D91-44BB-BD7F-5F75A52E99EF} = {B22AEE7B-43E7-4FE9-985D-614EE4E637E9}
		{1D6B8D22-B972-4D8F-8112-495A9BD83388} = {B22AEE7B-43E7-4FE9-985D-614EE4E637E9}
		{37333DA2-EE7A-4DD9-916E-245786883966} = {B22AEE7B-43E7-4FE9-985D-614EE4E637E9}
		{2723424A-0FDC-486E-9BCF-3FDB5395C8F5} = {6C7A5EF2-3CFF-44CD-93CA-480855F0B402}
		{E43AEE49-79E4-4B94-91D2-F81B110A1A81} = {220A26AE-0115-4495-B37F-87E7D7E83743}
		{220A26AE-0115-4495-B37F-87E7D7E83743} = {B22AEE7B-43E7-4FE9-985D-614EE4E637E9}
		{B6344B7C-B581-489B-A720-EDBCEA1C6E67} = {B22AEE7B-43E7-4FE9-985D-614EE4E637E9}
		{28BB096B-FF0A-4817-BB18-A437609BEC98} = {6C7A5EF2-3CFF-44CD-93CA-480855F0B402}
		{961B9CEF-99D8-4F93-A451-EF2014D1D91A} = {7408084E-CC5F-417E-9D0F-81CEF5431FFF}
		{7408084E-CC5F-417E-9D0F-81CEF5431FFF} = {6C7A5EF2-3CFF-44CD-93CA-480855F0B402}
		{8C4EF0F8-DE06-43AF-BA0C-DF89E7E84127} = {B63455D6-5A6C-46F0-BA04-2D8D55BCDBAA}
		{B63455D6-5A6C-46F0-BA04-2D8D55BCDBAA} = {6C7A5EF2-3CFF-44CD-93CA-480855F0B402}
		{278864C4-433A-4167-9BD0-2FEFFE748C47} = {6C7A5EF2-3CFF-44CD-93CA-480855F0B402}
		{71A857FC-FB4C-490E-9FED-BE78109355C8} = {278864C4-433A-4167-9BD0-2FEFFE748C47}
		{FF9D4473-1D2A-4281-ADE0-6B5126129061} = {220A26AE-0115-4495-B37F-87E7D7E83743}
		{CC0151D0-E6F3-4649-A650-469421AAFD4A} = {220A26AE-0115-4495-B37F-87E7D7E83743}
		{AE607E1A-E4E9-4A5C-8158-6BF90D29DBD7} = {220A26AE-0115-4495-B37F-87E7D7E83743}
	EndGlobalSection
	GlobalSection(ExtensibilityGlobals) = postSolution
		SolutionGuid = {1099A149-A245-44D9-BDA5-46C95DA7598D}
	EndGlobalSection
EndGlobal
